# This file is generated by running "yarn install" inside your project.
# Manual changes might be lost - proceed with caution!

__metadata:
  version: 6
  cacheKey: 8

"@babel/runtime@npm:^7.1.2, @babel/runtime@npm:^7.12.1, @babel/runtime@npm:^7.12.13":
  version: 7.17.9
  resolution: "@babel/runtime@npm:7.17.9"
  dependencies:
    regenerator-runtime: ^0.13.4
  checksum: 4d56bdb82890f386d5a57c40ef985a0ed7f0a78f789377a2d0c3e8826819e0f7f16ba0fe906d9b2241c5f7ca56630ef0653f5bb99f03771f7b87ff8af4bf5fe3
  languageName: node
  linkType: hard

"@types/history@npm:^4.7.11":
  version: 4.7.11
  resolution: "@types/history@npm:4.7.11"
  checksum: c92e2ba407dcab0581a9afdf98f533aa41b61a71133420a6d92b1ca9839f741ab1f9395b17454ba5b88cb86020b70b22d74a1950ccfbdfd9beeaa5459fdc3464
  languageName: node
  linkType: hard

"@types/prop-types@npm:*":
  version: 15.7.5
  resolution: "@types/prop-types@npm:15.7.5"
  checksum: 5b43b8b15415e1f298243165f1d44390403bb2bd42e662bca3b5b5633fdd39c938e91b7fce3a9483699db0f7a715d08cef220c121f723a634972fdf596aec980
  languageName: node
  linkType: hard

"@types/react-router-dom@npm:^5.3.3":
  version: 5.3.3
  resolution: "@types/react-router-dom@npm:5.3.3"
  dependencies:
    "@types/history": ^4.7.11
    "@types/react": "*"
    "@types/react-router": "*"
  checksum: 28c4ea48909803c414bf5a08502acbb8ba414669b4b43bb51297c05fe5addc4df0b8fd00e0a9d1e3535ec4073ef38aaafac2c4a2b95b787167d113bc059beff3
  languageName: node
  linkType: hard

"@types/react-router@npm:*":
  version: 5.1.18
  resolution: "@types/react-router@npm:5.1.18"
  dependencies:
    "@types/history": ^4.7.11
    "@types/react": "*"
  checksum: f08b37ee822f9f9ff904ffd0778fe2bb7c717ed3ee311610382ee024d02a35169bd3301ecde863cac21aae8fdee919501e8ea22bad0260c02c10cfbdba5c71be
  languageName: node
  linkType: hard

"@types/react@npm:*, @types/react@npm:^18.0.9":
  version: 18.0.9
  resolution: "@types/react@npm:18.0.9"
  dependencies:
    "@types/prop-types": "*"
    "@types/scheduler": "*"
    csstype: ^3.0.2
  checksum: 162364dad716d9017ee34aabf2ea37499709ebbdef70392ae1b39225985971e1a46f121efb9c5c7da92144ee1d96d4525df806a7c1c03a5db7fd31dd034ddc7a
  languageName: node
  linkType: hard

"@types/scheduler@npm:*":
  version: 0.16.2
  resolution: "@types/scheduler@npm:0.16.2"
  checksum: b6b4dcfeae6deba2e06a70941860fb1435730576d3689225a421280b7742318d1548b3d22c1f66ab68e414f346a9542f29240bc955b6332c5b11e561077583bc
  languageName: node
  linkType: hard

"csstype@npm:^3.0.2":
  version: 3.0.11
  resolution: "csstype@npm:3.0.11"
  checksum: 95e56abfe9ca219ae065acb4e43f61771a03170eed919127f558dfa168240867aba7629c8d98a201a0dd06d9a5ce82686f0570031c928516c61816adbc7c877f
  languageName: node
  linkType: hard

"decode-uri-component@npm:^0.2.0":
  version: 0.2.0
  resolution: "decode-uri-component@npm:0.2.0"
  checksum: f3749344ab9305ffcfe4bfe300e2dbb61fc6359e2b736812100a3b1b6db0a5668cba31a05e4b45d4d63dbf1a18dfa354cd3ca5bb3ededddabb8cd293f4404f94
  languageName: node
  linkType: hard

"filter-obj@npm:^1.1.0":
  version: 1.1.0
  resolution: "filter-obj@npm:1.1.0"
  checksum: cf2104a7c45ff48e7f505b78a3991c8f7f30f28bd8106ef582721f321f1c6277f7751aacd5d83026cb079d9d5091082f588d14a72e7c5d720ece79118fa61e10
  languageName: node
  linkType: hard

"history@npm:^4.9.0":
  version: 4.10.1
  resolution: "history@npm:4.10.1"
  dependencies:
    "@babel/runtime": ^7.1.2
    loose-envify: ^1.2.0
    resolve-pathname: ^3.0.0
    tiny-invariant: ^1.0.2
    tiny-warning: ^1.0.0
    value-equal: ^1.0.1
  checksum: addd84bc4683929bae4400419b5af132ff4e4e9b311a0d4e224579ea8e184a6b80d7f72c55927e4fa117f69076a9e47ce082d8d0b422f1a9ddac7991490ca1d0
  languageName: node
  linkType: hard

"hoist-non-react-statics@npm:^3.1.0":
  version: 3.3.2
  resolution: "hoist-non-react-statics@npm:3.3.2"
  dependencies:
    react-is: ^16.7.0
  checksum: b1538270429b13901ee586aa44f4cc3ecd8831c061d06cb8322e50ea17b3f5ce4d0e2e66394761e6c8e152cd8c34fb3b4b690116c6ce2bd45b18c746516cb9e8
  languageName: node
  linkType: hard

"isarray@npm:0.0.1":
  version: 0.0.1
  resolution: "isarray@npm:0.0.1"
  checksum: 49191f1425681df4a18c2f0f93db3adb85573bcdd6a4482539d98eac9e705d8961317b01175627e860516a2fc45f8f9302db26e5a380a97a520e272e2a40a8d4
  languageName: node
  linkType: hard

"js-tokens@npm:^3.0.0 || ^4.0.0":
  version: 4.0.0
  resolution: "js-tokens@npm:4.0.0"
  checksum: 8a95213a5a77deb6cbe94d86340e8d9ace2b93bc367790b260101d2f36a2eaf4e4e22d9fa9cf459b38af3a32fb4190e638024cf82ec95ef708680e405ea7cc78
  languageName: node
  linkType: hard

"loose-envify@npm:^1.1.0, loose-envify@npm:^1.2.0, loose-envify@npm:^1.3.1, loose-envify@npm:^1.4.0":
  version: 1.4.0
  resolution: "loose-envify@npm:1.4.0"
  dependencies:
    js-tokens: ^3.0.0 || ^4.0.0
  bin:
    loose-envify: cli.js
  checksum: 6517e24e0cad87ec9888f500c5b5947032cdfe6ef65e1c1936a0c48a524b81e65542c9c3edc91c97d5bddc806ee2a985dbc79be89215d613b1de5db6d1cfe6f4
  languageName: node
  linkType: hard

"mini-create-react-context@npm:^0.4.0":
  version: 0.4.1
  resolution: "mini-create-react-context@npm:0.4.1"
  dependencies:
    "@babel/runtime": ^7.12.1
    tiny-warning: ^1.0.3
  peerDependencies:
    prop-types: ^15.0.0
    react: ^0.14.0 || ^15.0.0 || ^16.0.0 || ^17.0.0
  checksum: f8cb2c7738aac355fe9ce7e8425f371b7fa90daddd5133edda4ccfdc18c49043b2ec04be6f3abf09b60a0f52549d54f158d5bfd81cdfb1a658531e5b9fe7bc6a
  languageName: node
  linkType: hard

"object-assign@npm:^4.1.1":
  version: 4.1.1
  resolution: "object-assign@npm:4.1.1"
  checksum: fcc6e4ea8c7fe48abfbb552578b1c53e0d194086e2e6bbbf59e0a536381a292f39943c6e9628af05b5528aa5e3318bb30d6b2e53cadaf5b8fe9e12c4b69af23f
  languageName: node
  linkType: hard

"path-to-regexp@npm:^1.7.0":
  version: 1.8.0
  resolution: "path-to-regexp@npm:1.8.0"
  dependencies:
    isarray: 0.0.1
  checksum: 709f6f083c0552514ef4780cb2e7e4cf49b0cc89a97439f2b7cc69a608982b7690fb5d1720a7473a59806508fc2dae0be751ba49f495ecf89fd8fbc62abccbcd
  languageName: node
  linkType: hard

"prop-types@npm:^15.6.2":
  version: 15.8.1
  resolution: "prop-types@npm:15.8.1"
  dependencies:
    loose-envify: ^1.4.0
    object-assign: ^4.1.1
    react-is: ^16.13.1
  checksum: c056d3f1c057cb7ff8344c645450e14f088a915d078dcda795041765047fa080d38e5d626560ccaac94a4e16e3aa15f3557c1a9a8d1174530955e992c675e459
  languageName: node
  linkType: hard

"query-string@npm:^7.1.1":
  version: 7.1.1
  resolution: "query-string@npm:7.1.1"
  dependencies:
    decode-uri-component: ^0.2.0
    filter-obj: ^1.1.0
    split-on-first: ^1.0.0
    strict-uri-encode: ^2.0.0
  checksum: b227d1f588ae93f9f0ad078c6b811295fa151dc5a160a03bb2bac5fa0e6919cb1daa570aad1d288e77c8e89fde5362ba505b1014e6e793da9b1e885b59a690a6
  languageName: node
  linkType: hard

"react-is@npm:^16.13.1, react-is@npm:^16.6.0, react-is@npm:^16.7.0":
  version: 16.13.1
  resolution: "react-is@npm:16.13.1"
  checksum: f7a19ac3496de32ca9ae12aa030f00f14a3d45374f1ceca0af707c831b2a6098ef0d6bdae51bd437b0a306d7f01d4677fcc8de7c0d331eb47ad0f46130e53c5f
  languageName: node
  linkType: hard

"react-router-dom@npm:^5.3.1":
  version: 5.3.1
  resolution: "react-router-dom@npm:5.3.1"
  dependencies:
    "@babel/runtime": ^7.12.13
    history: ^4.9.0
    loose-envify: ^1.3.1
    prop-types: ^15.6.2
    react-router: 5.3.1
    tiny-invariant: ^1.0.2
    tiny-warning: ^1.0.0
  peerDependencies:
    react: ">=15"
  checksum: efbf80c91d64bf51e61fa5dd9e4b7e9c350a0a560d575992d3ee214e0e48da38210b5d8a03c6b270a21f8fd6fa020d076f2af191db5a722c28a68fcad9cefde6
  languageName: node
  linkType: hard

"react-router@npm:5.3.1":
  version: 5.3.1
  resolution: "react-router@npm:5.3.1"
  dependencies:
    "@babel/runtime": ^7.12.13
    history: ^4.9.0
    hoist-non-react-statics: ^3.1.0
    loose-envify: ^1.3.1
    mini-create-react-context: ^0.4.0
    path-to-regexp: ^1.7.0
    prop-types: ^15.6.2
    react-is: ^16.6.0
    tiny-invariant: ^1.0.2
    tiny-warning: ^1.0.0
  peerDependencies:
    react: ">=15"
  checksum: b85c7b4dee5a011f542a654a673489bdedb8cd217e32838d13bc9b2c93f068fd37777bc7ef6cbebd6675cadc4e89add75f5e52e452be6c5b1f92070ad7f7e505
  languageName: node
  linkType: hard

"react@npm:^17.0.2":
  version: 17.0.2
  resolution: "react@npm:17.0.2"
  dependencies:
    loose-envify: ^1.1.0
    object-assign: ^4.1.1
  checksum: b254cc17ce3011788330f7bbf383ab653c6848902d7936a87b09d835d091e3f295f7e9dd1597c6daac5dc80f90e778c8230218ba8ad599f74adcc11e33b9d61b
  languageName: node
  linkType: hard

"regenerator-runtime@npm:^0.13.4":
  version: 0.13.9
  resolution: "regenerator-runtime@npm:0.13.9"
  checksum: 65ed455fe5afd799e2897baf691ca21c2772e1a969d19bb0c4695757c2d96249eb74ee3553ea34a91062b2a676beedf630b4c1551cc6299afb937be1426ec55e
  languageName: node
  linkType: hard

"resolve-pathname@npm:^3.0.0":
  version: 3.0.0
  resolution: "resolve-pathname@npm:3.0.0"
  checksum: 6147241ba42c423dbe83cb067a2b4af4f60908c3af57e1ea567729cc71416c089737fe2a73e9e79e7a60f00f66c91e4b45ad0d37cd4be2d43fec44963ef14368
  languageName: node
  linkType: hard

"smart-react-routing@workspace:.":
  version: 0.0.0-use.local
  resolution: "smart-react-routing@workspace:."
  dependencies:
    "@types/react": ^18.0.9
    "@types/react-router-dom": ^5.3.3
    query-string: ^7.1.1
    react: ^17.0.2
    react-router-dom: ^5.3.1
    typescript: ^4.6.4
  peerDependencies:
    react: ">=17.0.0"
    react-router-dom: 5.x
  bin:
    add-page: ./scripts/add-page.js
    add-page-group: ./scripts/add-page-group.js
    init: ./scripts/init.js
  languageName: unknown
  linkType: soft

"split-on-first@npm:^1.0.0":
  version: 1.1.0
  resolution: "split-on-first@npm:1.1.0"
  checksum: 16ff85b54ddcf17f9147210a4022529b343edbcbea4ce977c8f30e38408b8d6e0f25f92cd35b86a524d4797f455e29ab89eb8db787f3c10708e0b47ebf528d30
  languageName: node
  linkType: hard

"strict-uri-encode@npm:^2.0.0":
  version: 2.0.0
  resolution: "strict-uri-encode@npm:2.0.0"
  checksum: eaac4cf978b6fbd480f1092cab8b233c9b949bcabfc9b598dd79a758f7243c28765ef7639c876fa72940dac687181b35486ea01ff7df3e65ce3848c64822c581
  languageName: node
  linkType: hard

"tiny-invariant@npm:^1.0.2":
  version: 1.2.0
  resolution: "tiny-invariant@npm:1.2.0"
  checksum: e09a718a7c4a499ba592cdac61f015d87427a0867ca07f50c11fd9b623f90cdba18937b515d4a5e4f43dac92370498d7bdaee0d0e7a377a61095e02c4a92eade
  languageName: node
  linkType: hard

"tiny-warning@npm:^1.0.0, tiny-warning@npm:^1.0.3":
  version: 1.0.3
  resolution: "tiny-warning@npm:1.0.3"
  checksum: da62c4acac565902f0624b123eed6dd3509bc9a8d30c06e017104bedcf5d35810da8ff72864400ad19c5c7806fc0a8323c68baf3e326af7cb7d969f846100d71
  languageName: node
  linkType: hard

"typescript@npm:^4.6.4":
  version: 4.6.4
  resolution: "typescript@npm:4.6.4"
  bin:
    tsc: bin/tsc
    tsserver: bin/tsserver
  checksum: e7bfcc39cd4571a63a54e5ea21f16b8445268b9900bf55aee0e02ad981be576acc140eba24f1af5e3c1457767c96cea6d12861768fb386cf3ffb34013718631a
  languageName: node
  linkType: hard

"typescript@patch:typescript@^4.6.4#~builtin<compat/typescript>":
  version: 4.6.4
  resolution: "typescript@patch:typescript@npm%3A4.6.4#~builtin<compat/typescript>::version=4.6.4&hash=bda367"
  bin:
    tsc: bin/tsc
    tsserver: bin/tsserver
  checksum: 1cb434fbc637d347be90e3a0c6cd05e33c38f941713c8786d3031faf1842c2c148ba91d2fac01e7276b0ae3249b8633f1660e32686cc7a8c6a8fd5361dc52c66
  languageName: node
  linkType: hard

"value-equal@npm:^1.0.1":
  version: 1.0.1
  resolution: "value-equal@npm:1.0.1"
  checksum: bb7ae1facc76b5cf8071aeb6c13d284d023fdb370478d10a5d64508e0e6e53bb459c4bbe34258df29d82e6f561f874f0105eba38de0e61fe9edd0bdce07a77a2
  languageName: node
  linkType: hard
